// !$*UTF8*$!
{
	archiveVersion = 1;
	classes = {
	};
	objectVersion = 56;
	objects = {

/* Begin PBXBuildFile section */
		0443C39E2A78E402002A1C16 /* HomeSlider.swift in Sources */ = {isa = PBXBuildFile; fileRef = 0443C39D2A78E402002A1C16 /* HomeSlider.swift */; };
		0452977E2A77BB680038FA70 /* eCommerceApp.swift in Sources */ = {isa = PBXBuildFile; fileRef = 0452977D2A77BB680038FA70 /* eCommerceApp.swift */; };
		045297802A77BB680038FA70 /* ContentView.swift in Sources */ = {isa = PBXBuildFile; fileRef = 0452977F2A77BB680038FA70 /* ContentView.swift */; };
		045297822A77BB6A0038FA70 /* Assets.xcassets in Resources */ = {isa = PBXBuildFile; fileRef = 045297812A77BB6A0038FA70 /* Assets.xcassets */; };
		045297852A77BB6A0038FA70 /* Preview Assets.xcassets in Resources */ = {isa = PBXBuildFile; fileRef = 045297842A77BB6A0038FA70 /* Preview Assets.xcassets */; };
		0452978F2A77BB6B0038FA70 /* eCommerceTests.swift in Sources */ = {isa = PBXBuildFile; fileRef = 0452978E2A77BB6B0038FA70 /* eCommerceTests.swift */; };
		045297992A77BB6B0038FA70 /* eCommerceUITests.swift in Sources */ = {isa = PBXBuildFile; fileRef = 045297982A77BB6B0038FA70 /* eCommerceUITests.swift */; };
		0452979B2A77BB6B0038FA70 /* eCommerceUITestsLaunchTests.swift in Sources */ = {isa = PBXBuildFile; fileRef = 0452979A2A77BB6B0038FA70 /* eCommerceUITestsLaunchTests.swift */; };
		045297AB2A77BD150038FA70 /* Product.swift in Sources */ = {isa = PBXBuildFile; fileRef = 045297AA2A77BD150038FA70 /* Product.swift */; };
		045297AD2A77BF5E0038FA70 /* Slider.swift in Sources */ = {isa = PBXBuildFile; fileRef = 045297AC2A77BF5E0038FA70 /* Slider.swift */; };
		045297AF2A77C0B80038FA70 /* BaseViewModel.swift in Sources */ = {isa = PBXBuildFile; fileRef = 045297AE2A77C0B80038FA70 /* BaseViewModel.swift */; };
		045297B12A77C1CF0038FA70 /* BaseView.swift in Sources */ = {isa = PBXBuildFile; fileRef = 045297B02A77C1CF0038FA70 /* BaseView.swift */; };
		045297B32A77CAE70038FA70 /* HomeView.swift in Sources */ = {isa = PBXBuildFile; fileRef = 045297B22A77CAE70038FA70 /* HomeView.swift */; };
		045297B52A77CB610038FA70 /* ProductDetailView.swift in Sources */ = {isa = PBXBuildFile; fileRef = 045297B42A77CB610038FA70 /* ProductDetailView.swift */; };
/* End PBXBuildFile section */

/* Begin PBXContainerItemProxy section */
		0452978B2A77BB6B0038FA70 /* PBXContainerItemProxy */ = {
			isa = PBXContainerItemProxy;
			containerPortal = 045297722A77BB680038FA70 /* Project object */;
			proxyType = 1;
			remoteGlobalIDString = 045297792A77BB680038FA70;
			remoteInfo = eCommerce;
		};
		045297952A77BB6B0038FA70 /* PBXContainerItemProxy */ = {
			isa = PBXContainerItemProxy;
			containerPortal = 045297722A77BB680038FA70 /* Project object */;
			proxyType = 1;
			remoteGlobalIDString = 045297792A77BB680038FA70;
			remoteInfo = eCommerce;
		};
/* End PBXContainerItemProxy section */

/* Begin PBXFileReference section */
		0443C39D2A78E402002A1C16 /* HomeSlider.swift */ = {isa = PBXFileReference; lastKnownFileType = sourcecode.swift; path = HomeSlider.swift; sourceTree = "<group>"; };
		0452977A2A77BB680038FA70 /* eCommerce.app */ = {isa = PBXFileReference; explicitFileType = wrapper.application; includeInIndex = 0; path = eCommerce.app; sourceTree = BUILT_PRODUCTS_DIR; };
		0452977D2A77BB680038FA70 /* eCommerceApp.swift */ = {isa = PBXFileReference; lastKnownFileType = sourcecode.swift; path = eCommerceApp.swift; sourceTree = "<group>"; };
		0452977F2A77BB680038FA70 /* ContentView.swift */ = {isa = PBXFileReference; lastKnownFileType = sourcecode.swift; path = ContentView.swift; sourceTree = "<group>"; };
		045297812A77BB6A0038FA70 /* Assets.xcassets */ = {isa = PBXFileReference; lastKnownFileType = folder.assetcatalog; path = Assets.xcassets; sourceTree = "<group>"; };
		045297842A77BB6A0038FA70 /* Preview Assets.xcassets */ = {isa = PBXFileReference; lastKnownFileType = folder.assetcatalog; path = "Preview Assets.xcassets"; sourceTree = "<group>"; };
		0452978A2A77BB6B0038FA70 /* eCommerceTests.xctest */ = {isa = PBXFileReference; explicitFileType = wrapper.cfbundle; includeInIndex = 0; path = eCommerceTests.xctest; sourceTree = BUILT_PRODUCTS_DIR; };
		0452978E2A77BB6B0038FA70 /* eCommerceTests.swift */ = {isa = PBXFileReference; lastKnownFileType = sourcecode.swift; path = eCommerceTests.swift; sourceTree = "<group>"; };
		045297942A77BB6B0038FA70 /* eCommerceUITests.xctest */ = {isa = PBXFileReference; explicitFileType = wrapper.cfbundle; includeInIndex = 0; path = eCommerceUITests.xctest; sourceTree = BUILT_PRODUCTS_DIR; };
		045297982A77BB6B0038FA70 /* eCommerceUITests.swift */ = {isa = PBXFileReference; lastKnownFileType = sourcecode.swift; path = eCommerceUITests.swift; sourceTree = "<group>"; };
		0452979A2A77BB6B0038FA70 /* eCommerceUITestsLaunchTests.swift */ = {isa = PBXFileReference; lastKnownFileType = sourcecode.swift; path = eCommerceUITestsLaunchTests.swift; sourceTree = "<group>"; };
		045297AA2A77BD150038FA70 /* Product.swift */ = {isa = PBXFileReference; lastKnownFileType = sourcecode.swift; path = Product.swift; sourceTree = "<group>"; };
		045297AC2A77BF5E0038FA70 /* Slider.swift */ = {isa = PBXFileReference; lastKnownFileType = sourcecode.swift; path = Slider.swift; sourceTree = "<group>"; };
		045297AE2A77C0B80038FA70 /* BaseViewModel.swift */ = {isa = PBXFileReference; lastKnownFileType = sourcecode.swift; path = BaseViewModel.swift; sourceTree = "<group>"; };
		045297B02A77C1CF0038FA70 /* BaseView.swift */ = {isa = PBXFileReference; lastKnownFileType = sourcecode.swift; path = BaseView.swift; sourceTree = "<group>"; };
		045297B22A77CAE70038FA70 /* HomeView.swift */ = {isa = PBXFileReference; lastKnownFileType = sourcecode.swift; path = HomeView.swift; sourceTree = "<group>"; };
		045297B42A77CB610038FA70 /* ProductDetailView.swift */ = {isa = PBXFileReference; lastKnownFileType = sourcecode.swift; path = ProductDetailView.swift; sourceTree = "<group>"; };
/* End PBXFileReference section */

/* Begin PBXFrameworksBuildPhase section */
		045297772A77BB680038FA70 /* Frameworks */ = {
			isa = PBXFrameworksBuildPhase;
			buildActionMask = 2147483647;
			files = (
			);
			runOnlyForDeploymentPostprocessing = 0;
		};
		045297872A77BB6B0038FA70 /* Frameworks */ = {
			isa = PBXFrameworksBuildPhase;
			buildActionMask = 2147483647;
			files = (
			);
			runOnlyForDeploymentPostprocessing = 0;
		};
		045297912A77BB6B0038FA70 /* Frameworks */ = {
			isa = PBXFrameworksBuildPhase;
			buildActionMask = 2147483647;
			files = (
			);
			runOnlyForDeploymentPostprocessing = 0;
		};
/* End PBXFrameworksBuildPhase section */

/* Begin PBXGroup section */
		045297712A77BB680038FA70 = {
			isa = PBXGroup;
			children = (
				0452977C2A77BB680038FA70 /* eCommerce */,
				0452978D2A77BB6B0038FA70 /* eCommerceTests */,
				045297972A77BB6B0038FA70 /* eCommerceUITests */,
				0452977B2A77BB680038FA70 /* Products */,
			);
			sourceTree = "<group>";
		};
		0452977B2A77BB680038FA70 /* Products */ = {
			isa = PBXGroup;
			children = (
				0452977A2A77BB680038FA70 /* eCommerce.app */,
				0452978A2A77BB6B0038FA70 /* eCommerceTests.xctest */,
				045297942A77BB6B0038FA70 /* eCommerceUITests.xctest */,
			);
			name = Products;
			sourceTree = "<group>";
		};
		0452977C2A77BB680038FA70 /* eCommerce */ = {
			isa = PBXGroup;
			children = (
				045297A92A77BC680038FA70 /* ViewModel */,
				045297A82A77BC610038FA70 /* View */,
				045297A72A77BC5B0038FA70 /* Model */,
				0452977D2A77BB680038FA70 /* eCommerceApp.swift */,
				0452977F2A77BB680038FA70 /* ContentView.swift */,
				045297812A77BB6A0038FA70 /* Assets.xcassets */,
				045297832A77BB6A0038FA70 /* Preview Content */,
			);
			path = eCommerce;
			sourceTree = "<group>";
		};
		045297832A77BB6A0038FA70 /* Preview Content */ = {
			isa = PBXGroup;
			children = (
				045297842A77BB6A0038FA70 /* Preview Assets.xcassets */,
			);
			path = "Preview Content";
			sourceTree = "<group>";
		};
		0452978D2A77BB6B0038FA70 /* eCommerceTests */ = {
			isa = PBXGroup;
			children = (
				0452978E2A77BB6B0038FA70 /* eCommerceTests.swift */,
			);
			path = eCommerceTests;
			sourceTree = "<group>";
		};
		045297972A77BB6B0038FA70 /* eCommerceUITests */ = {
			isa = PBXGroup;
			children = (
				045297982A77BB6B0038FA70 /* eCommerceUITests.swift */,
				0452979A2A77BB6B0038FA70 /* eCommerceUITestsLaunchTests.swift */,
			);
			path = eCommerceUITests;
			sourceTree = "<group>";
		};
		045297A72A77BC5B0038FA70 /* Model */ = {
			isa = PBXGroup;
			children = (
				045297AA2A77BD150038FA70 /* Product.swift */,
				045297AC2A77BF5E0038FA70 /* Slider.swift */,
			);
			path = Model;
			sourceTree = "<group>";
		};
		045297A82A77BC610038FA70 /* View */ = {
			isa = PBXGroup;
			children = (
				045297B02A77C1CF0038FA70 /* BaseView.swift */,
				045297B22A77CAE70038FA70 /* HomeView.swift */,
				045297B42A77CB610038FA70 /* ProductDetailView.swift */,
				0443C39D2A78E402002A1C16 /* HomeSlider.swift */,
			);
			path = View;
			sourceTree = "<group>";
		};
		045297A92A77BC680038FA70 /* ViewModel */ = {
			isa = PBXGroup;
			children = (
				045297AE2A77C0B80038FA70 /* BaseViewModel.swift */,
			);
			path = ViewModel;
			sourceTree = "<group>";
		};
/* End PBXGroup section */

/* Begin PBXNativeTarget section */
		045297792A77BB680038FA70 /* eCommerce */ = {
			isa = PBXNativeTarget;
			buildConfigurationList = 0452979E2A77BB6B0038FA70 /* Build configuration list for PBXNativeTarget "eCommerce" */;
			buildPhases = (
				045297762A77BB680038FA70 /* Sources */,
				045297772A77BB680038FA70 /* Frameworks */,
				045297782A77BB680038FA70 /* Resources */,
			);
			buildRules = (
			);
			dependencies = (
			);
			name = eCommerce;
			productName = eCommerce;
			productReference = 0452977A2A77BB680038FA70 /* eCommerce.app */;
			productType = "com.apple.product-type.application";
		};
		045297892A77BB6B0038FA70 /* eCommerceTests */ = {
			isa = PBXNativeTarget;
			buildConfigurationList = 045297A12A77BB6B0038FA70 /* Build configuration list for PBXNativeTarget "eCommerceTests" */;
			buildPhases = (
				045297862A77BB6B0038FA70 /* Sources */,
				045297872A77BB6B0038FA70 /* Frameworks */,
				045297882A77BB6B0038FA70 /* Resources */,
			);
			buildRules = (
			);
			dependencies = (
				0452978C2A77BB6B0038FA70 /* PBXTargetDependency */,
			);
			name = eCommerceTests;
			productName = eCommerceTests;
			productReference = 0452978A2A77BB6B0038FA70 /* eCommerceTests.xctest */;
			productType = "com.apple.product-type.bundle.unit-test";
		};
		045297932A77BB6B0038FA70 /* eCommerceUITests */ = {
			isa = PBXNativeTarget;
			buildConfigurationList = 045297A42A77BB6B0038FA70 /* Build configuration list for PBXNativeTarget "eCommerceUITests" */;
			buildPhases = (
				045297902A77BB6B0038FA70 /* Sources */,
				045297912A77BB6B0038FA70 /* Frameworks */,
				045297922A77BB6B0038FA70 /* Resources */,
			);
			buildRules = (
			);
			dependencies = (
				045297962A77BB6B0038FA70 /* PBXTargetDependency */,
			);
			name = eCommerceUITests;
			productName = eCommerceUITests;
			productReference = 045297942A77BB6B0038FA70 /* eCommerceUITests.xctest */;
			productType = "com.apple.product-type.bundle.ui-testing";
		};
/* End PBXNativeTarget section */

/* Begin PBXProject section */
		045297722A77BB680038FA70 /* Project object */ = {
			isa = PBXProject;
			attributes = {
				BuildIndependentTargetsInParallel = 1;
				LastSwiftUpdateCheck = 1430;
				LastUpgradeCheck = 1430;
				TargetAttributes = {
					045297792A77BB680038FA70 = {
						CreatedOnToolsVersion = 14.3;
					};
					045297892A77BB6B0038FA70 = {
						CreatedOnToolsVersion = 14.3;
						TestTargetID = 045297792A77BB680038FA70;
					};
					045297932A77BB6B0038FA70 = {
						CreatedOnToolsVersion = 14.3;
						TestTargetID = 045297792A77BB680038FA70;
					};
				};
			};
			buildConfigurationList = 045297752A77BB680038FA70 /* Build configuration list for PBXProject "eCommerce" */;
			compatibilityVersion = "Xcode 14.0";
			developmentRegion = en;
			hasScannedForEncodings = 0;
			knownRegions = (
				en,
				Base,
			);
			mainGroup = 045297712A77BB680038FA70;
			productRefGroup = 0452977B2A77BB680038FA70 /* Products */;
			projectDirPath = "";
			projectRoot = "";
			targets = (
				045297792A77BB680038FA70 /* eCommerce */,
				045297892A77BB6B0038FA70 /* eCommerceTests */,
				045297932A77BB6B0038FA70 /* eCommerceUITests */,
			);
		};
/* End PBXProject section */

/* Begin PBXResourcesBuildPhase section */
		045297782A77BB680038FA70 /* Resources */ = {
			isa = PBXResourcesBuildPhase;
			buildActionMask = 2147483647;
			files = (
				045297852A77BB6A0038FA70 /* Preview Assets.xcassets in Resources */,
				045297822A77BB6A0038FA70 /* Assets.xcassets in Resources */,
			);
			runOnlyForDeploymentPostprocessing = 0;
		};
		045297882A77BB6B0038FA70 /* Resources */ = {
			isa = PBXResourcesBuildPhase;
			buildActionMask = 2147483647;
			files = (
			);
			runOnlyForDeploymentPostprocessing = 0;
		};
		045297922A77BB6B0038FA70 /* Resources */ = {
			isa = PBXResourcesBuildPhase;
			buildActionMask = 2147483647;
			files = (
			);
			runOnlyForDeploymentPostprocessing = 0;
		};
/* End PBXResourcesBuildPhase section */

/* Begin PBXSourcesBuildPhase section */
		045297762A77BB680038FA70 /* Sources */ = {
			isa = PBXSourcesBuildPhase;
			buildActionMask = 2147483647;
			files = (
				045297802A77BB680038FA70 /* ContentView.swift in Sources */,
				045297B52A77CB610038FA70 /* ProductDetailView.swift in Sources */,
				045297AF2A77C0B80038FA70 /* BaseViewModel.swift in Sources */,
				0452977E2A77BB680038FA70 /* eCommerceApp.swift in Sources */,
				045297B12A77C1CF0038FA70 /* BaseView.swift in Sources */,
				0443C39E2A78E402002A1C16 /* HomeSlider.swift in Sources */,
				045297AD2A77BF5E0038FA70 /* Slider.swift in Sources */,
				045297AB2A77BD150038FA70 /* Product.swift in Sources */,
				045297B32A77CAE70038FA70 /* HomeView.swift in Sources */,
			);
			runOnlyForDeploymentPostprocessing = 0;
		};
		045297862A77BB6B0038FA70 /* Sources */ = {
			isa = PBXSourcesBuildPhase;
			buildActionMask = 2147483647;
			files = (
				0452978F2A77BB6B0038FA70 /* eCommerceTests.swift in Sources */,
			);
			runOnlyForDeploymentPostprocessing = 0;
		};
		045297902A77BB6B0038FA70 /* Sources */ = {
			isa = PBXSourcesBuildPhase;
			buildActionMask = 2147483647;
			files = (
				045297992A77BB6B0038FA70 /* eCommerceUITests.swift in Sources */,
				0452979B2A77BB6B0038FA70 /* eCommerceUITestsLaunchTests.swift in Sources */,
			);
			runOnlyForDeploymentPostprocessing = 0;
		};
/* End PBXSourcesBuildPhase section */

/* Begin PBXTargetDependency section */
		0452978C2A77BB6B0038FA70 /* PBXTargetDependency */ = {
			isa = PBXTargetDependency;
			target = 045297792A77BB680038FA70 /* eCommerce */;
			targetProxy = 0452978B2A77BB6B0038FA70 /* PBXContainerItemProxy */;
		};
		045297962A77BB6B0038FA70 /* PBXTargetDependency */ = {
			isa = PBXTargetDependency;
			target = 045297792A77BB680038FA70 /* eCommerce */;
			targetProxy = 045297952A77BB6B0038FA70 /* PBXContainerItemProxy */;
		};
/* End PBXTargetDependency section */

/* Begin XCBuildConfiguration section */
		0452979C2A77BB6B0038FA70 /* Debug */ = {
			isa = XCBuildConfiguration;
			buildSettings = {
				ALWAYS_SEARCH_USER_PATHS = NO;
				CLANG_ANALYZER_NONNULL = YES;
				CLANG_ANALYZER_NUMBER_OBJECT_CONVERSION = YES_AGGRESSIVE;
				CLANG_CXX_LANGUAGE_STANDARD = "gnu++20";
				CLANG_ENABLE_MODULES = YES;
				CLANG_ENABLE_OBJC_ARC = YES;
				CLANG_ENABLE_OBJC_WEAK = YES;
				CLANG_WARN_BLOCK_CAPTURE_AUTORELEASING = YES;
				CLANG_WARN_BOOL_CONVERSION = YES;
				CLANG_WARN_COMMA = YES;
				CLANG_WARN_CONSTANT_CONVERSION = YES;
				CLANG_WARN_DEPRECATED_OBJC_IMPLEMENTATIONS = YES;
				CLANG_WARN_DIRECT_OBJC_ISA_USAGE = YES_ERROR;
				CLANG_WARN_DOCUMENTATION_COMMENTS = YES;
				CLANG_WARN_EMPTY_BODY = YES;
				CLANG_WARN_ENUM_CONVERSION = YES;
				CLANG_WARN_INFINITE_RECURSION = YES;
				CLANG_WARN_INT_CONVERSION = YES;
				CLANG_WARN_NON_LITERAL_NULL_CONVERSION = YES;
				CLANG_WARN_OBJC_IMPLICIT_RETAIN_SELF = YES;
				CLANG_WARN_OBJC_LITERAL_CONVERSION = YES;
				CLANG_WARN_OBJC_ROOT_CLASS = YES_ERROR;
				CLANG_WARN_QUOTED_INCLUDE_IN_FRAMEWORK_HEADER = YES;
				CLANG_WARN_RANGE_LOOP_ANALYSIS = YES;
				CLANG_WARN_STRICT_PROTOTYPES = YES;
				CLANG_WARN_SUSPICIOUS_MOVE = YES;
				CLANG_WARN_UNGUARDED_AVAILABILITY = YES_AGGRESSIVE;
				CLANG_WARN_UNREACHABLE_CODE = YES;
				CLANG_WARN__DUPLICATE_METHOD_MATCH = YES;
				COPY_PHASE_STRIP = NO;
				DEBUG_INFORMATION_FORMAT = dwarf;
				ENABLE_STRICT_OBJC_MSGSEND = YES;
				ENABLE_TESTABILITY = YES;
				GCC_C_LANGUAGE_STANDARD = gnu11;
				GCC_DYNAMIC_NO_PIC = NO;
				GCC_NO_COMMON_BLOCKS = YES;
				GCC_OPTIMIZATION_LEVEL = 0;
				GCC_PREPROCESSOR_DEFINITIONS = (
					"DEBUG=1",
					"$(inherited)",
				);
				GCC_WARN_64_TO_32_BIT_CONVERSION = YES;
				GCC_WARN_ABOUT_RETURN_TYPE = YES_ERROR;
				GCC_WARN_UNDECLARED_SELECTOR = YES;
				GCC_WARN_UNINITIALIZED_AUTOS = YES_AGGRESSIVE;
				GCC_WARN_UNUSED_FUNCTION = YES;
				GCC_WARN_UNUSED_VARIABLE = YES;
				IPHONEOS_DEPLOYMENT_TARGET = 16.4;
				MTL_ENABLE_DEBUG_INFO = INCLUDE_SOURCE;
				MTL_FAST_MATH = YES;
				ONLY_ACTIVE_ARCH = YES;
				SDKROOT = iphoneos;
				SWIFT_ACTIVE_COMPILATION_CONDITIONS = DEBUG;
				SWIFT_OPTIMIZATION_LEVEL = "-Onone";
			};
			name = Debug;
		};
		0452979D2A77BB6B0038FA70 /* Release */ = {
			isa = XCBuildConfiguration;
			buildSettings = {
				ALWAYS_SEARCH_USER_PATHS = NO;
				CLANG_ANALYZER_NONNULL = YES;
				CLANG_ANALYZER_NUMBER_OBJECT_CONVERSION = YES_AGGRESSIVE;
				CLANG_CXX_LANGUAGE_STANDARD = "gnu++20";
				CLANG_ENABLE_MODULES = YES;
				CLANG_ENABLE_OBJC_ARC = YES;
				CLANG_ENABLE_OBJC_WEAK = YES;
				CLANG_WARN_BLOCK_CAPTURE_AUTORELEASING = YES;
				CLANG_WARN_BOOL_CONVERSION = YES;
				CLANG_WARN_COMMA = YES;
				CLANG_WARN_CONSTANT_CONVERSION = YES;
				CLANG_WARN_DEPRECATED_OBJC_IMPLEMENTATIONS = YES;
				CLANG_WARN_DIRECT_OBJC_ISA_USAGE = YES_ERROR;
				CLANG_WARN_DOCUMENTATION_COMMENTS = YES;
				CLANG_WARN_EMPTY_BODY = YES;
				CLANG_WARN_ENUM_CONVERSION = YES;
				CLANG_WARN_INFINITE_RECURSION = YES;
				CLANG_WARN_INT_CONVERSION = YES;
				CLANG_WARN_NON_LITERAL_NULL_CONVERSION = YES;
				CLANG_WARN_OBJC_IMPLICIT_RETAIN_SELF = YES;
				CLANG_WARN_OBJC_LITERAL_CONVERSION = YES;
				CLANG_WARN_OBJC_ROOT_CLASS = YES_ERROR;
				CLANG_WARN_QUOTED_INCLUDE_IN_FRAMEWORK_HEADER = YES;
				CLANG_WARN_RANGE_LOOP_ANALYSIS = YES;
				CLANG_WARN_STRICT_PROTOTYPES = YES;
				CLANG_WARN_SUSPICIOUS_MOVE = YES;
				CLANG_WARN_UNGUARDED_AVAILABILITY = YES_AGGRESSIVE;
				CLANG_WARN_UNREACHABLE_CODE = YES;
				CLANG_WARN__DUPLICATE_METHOD_MATCH = YES;
				COPY_PHASE_STRIP = NO;
				DEBUG_INFORMATION_FORMAT = "dwarf-with-dsym";
				ENABLE_NS_ASSERTIONS = NO;
				ENABLE_STRICT_OBJC_MSGSEND = YES;
				GCC_C_LANGUAGE_STANDARD = gnu11;
				GCC_NO_COMMON_BLOCKS = YES;
				GCC_WARN_64_TO_32_BIT_CONVERSION = YES;
				GCC_WARN_ABOUT_RETURN_TYPE = YES_ERROR;
				GCC_WARN_UNDECLARED_SELECTOR = YES;
				GCC_WARN_UNINITIALIZED_AUTOS = YES_AGGRESSIVE;
				GCC_WARN_UNUSED_FUNCTION = YES;
				GCC_WARN_UNUSED_VARIABLE = YES;
				IPHONEOS_DEPLOYMENT_TARGET = 16.4;
				MTL_ENABLE_DEBUG_INFO = NO;
				MTL_FAST_MATH = YES;
				SDKROOT = iphoneos;
				SWIFT_COMPILATION_MODE = wholemodule;
				SWIFT_OPTIMIZATION_LEVEL = "-O";
				VALIDATE_PRODUCT = YES;
			};
			name = Release;
		};
		0452979F2A77BB6B0038FA70 /* Debug */ = {
			isa = XCBuildConfiguration;
			buildSettings = {
				ASSETCATALOG_COMPILER_APPICON_NAME = AppIcon;
				ASSETCATALOG_COMPILER_GLOBAL_ACCENT_COLOR_NAME = AccentColor;
				CODE_SIGN_STYLE = Automatic;
				CURRENT_PROJECT_VERSION = 1;
				DEVELOPMENT_ASSET_PATHS = "\"eCommerce/Preview Content\"";
				ENABLE_PREVIEWS = YES;
				GENERATE_INFOPLIST_FILE = YES;
				INFOPLIST_KEY_UIApplicationSceneManifest_Generation = YES;
				INFOPLIST_KEY_UIApplicationSupportsIndirectInputEvents = YES;
				INFOPLIST_KEY_UILaunchScreen_Generation = YES;
				INFOPLIST_KEY_UISupportedInterfaceOrientations_iPad = "UIInterfaceOrientationPortrait UIInterfaceOrientationPortraitUpsideDown UIInterfaceOrientationLandscapeLeft UIInterfaceOrientationLandscapeRight";
				INFOPLIST_KEY_UISupportedInterfaceOrientations_iPhone = "UIInterfaceOrientationPortrait UIInterfaceOrientationLandscapeLeft UIInterfaceOrientationLandscapeRight";
				IPHONEOS_DEPLOYMENT_TARGET = 14.0;
				LD_RUNPATH_SEARCH_PATHS = (
					"$(inherited)",
					"@executable_path/Frameworks",
				);
				MARKETING_VERSION = 1.0;
				PRODUCT_BUNDLE_IDENTIFIER = minh.eCommerce;
				PRODUCT_NAME = "$(TARGET_NAME)";
				SWIFT_EMIT_LOC_STRINGS = YES;
				SWIFT_VERSION = 5.0;
				TARGETED_DEVICE_FAMILY = "1,2";
			};
			name = Debug;
		};
		045297A02A77BB6B0038FA70 /* Release */ = {
			isa = XCBuildConfiguration;
			buildSettings = {
				ASSETCATALOG_COMPILER_APPICON_NAME = AppIcon;
				ASSETCATALOG_COMPILER_GLOBAL_ACCENT_COLOR_NAME = AccentColor;
				CODE_SIGN_STYLE = Automatic;
				CURRENT_PROJECT_VERSION = 1;
				DEVELOPMENT_ASSET_PATHS = "\"eCommerce/Preview Content\"";
				ENABLE_PREVIEWS = YES;
				GENERATE_INFOPLIST_FILE = YES;
				INFOPLIST_KEY_UIApplicationSceneManifest_Generation = YES;
				INFOPLIST_KEY_UIApplicationSupportsIndirectInputEvents = YES;
				INFOPLIST_KEY_UILaunchScreen_Generation = YES;
				INFOPLIST_KEY_UISupportedInterfaceOrientations_iPad = "UIInterfaceOrientationPortrait UIInterfaceOrientationPortraitUpsideDown UIInterfaceOrientationLandscapeLeft UIInterfaceOrientationLandscapeRight";
				INFOPLIST_KEY_UISupportedInterfaceOrientations_iPhone = "UIInterfaceOrientationPortrait UIInterfaceOrientationLandscapeLeft UIInterfaceOrientationLandscapeRight";
				IPHONEOS_DEPLOYMENT_TARGET = 14.0;
				LD_RUNPATH_SEARCH_PATHS = (
					"$(inherited)",
					"@executable_path/Frameworks",
				);
				MARKETING_VERSION = 1.0;
				PRODUCT_BUNDLE_IDENTIFIER = minh.eCommerce;
				PRODUCT_NAME = "$(TARGET_NAME)";
				SWIFT_EMIT_LOC_STRINGS = YES;
				SWIFT_VERSION = 5.0;
				TARGETED_DEVICE_FAMILY = "1,2";
			};
			name = Release;
		};
		045297A22A77BB6B0038FA70 /* Debug */ = {
			isa = XCBuildConfiguration;
			buildSettings = {
				ALWAYS_EMBED_SWIFT_STANDARD_LIBRARIES = YES;
				BUNDLE_LOADER = "$(TEST_HOST)";
				CODE_SIGN_STYLE = Automatic;
				CURRENT_PROJECT_VERSION = 1;
				GENERATE_INFOPLIST_FILE = YES;
				IPHONEOS_DEPLOYMENT_TARGET = 16.4;
				MARKETING_VERSION = 1.0;
				PRODUCT_BUNDLE_IDENTIFIER = minh.eCommerceTests;
				PRODUCT_NAME = "$(TARGET_NAME)";
				SWIFT_EMIT_LOC_STRINGS = NO;
				SWIFT_VERSION = 5.0;
				TARGETED_DEVICE_FAMILY = "1,2";
				TEST_HOST = "$(BUILT_PRODUCTS_DIR)/eCommerce.app/$(BUNDLE_EXECUTABLE_FOLDER_PATH)/eCommerce";
			};
			name = Debug;
		};
		045297A32A77BB6B0038FA70 /* Release */ = {
			isa = XCBuildConfiguration;
			buildSettings = {
				ALWAYS_EMBED_SWIFT_STANDARD_LIBRARIES = YES;
				BUNDLE_LOADER = "$(TEST_HOST)";
				CODE_SIGN_STYLE = Automatic;
				CURRENT_PROJECT_VERSION = 1;
				GENERATE_INFOPLIST_FILE = YES;
				IPHONEOS_DEPLOYMENT_TARGET = 16.4;
				MARKETING_VERSION = 1.0;
				PRODUCT_BUNDLE_IDENTIFIER = minh.eCommerceTests;
				PRODUCT_NAME = "$(TARGET_NAME)";
				SWIFT_EMIT_LOC_STRINGS = NO;
				SWIFT_VERSION = 5.0;
				TARGETED_DEVICE_FAMILY = "1,2";
				TEST_HOST = "$(BUILT_PRODUCTS_DIR)/eCommerce.app/$(BUNDLE_EXECUTABLE_FOLDER_PATH)/eCommerce";
			};
			name = Release;
		};
		045297A52A77BB6B0038FA70 /* Debug */ = {
			isa = XCBuildConfiguration;
			buildSettings = {
				ALWAYS_EMBED_SWIFT_STANDARD_LIBRARIES = YES;
				CODE_SIGN_STYLE = Automatic;
				CURRENT_PROJECT_VERSION = 1;
				GENERATE_INFOPLIST_FILE = YES;
				MARKETING_VERSION = 1.0;
				PRODUCT_BUNDLE_IDENTIFIER = minh.eCommerceUITests;
				PRODUCT_NAME = "$(TARGET_NAME)";
				SWIFT_EMIT_LOC_STRINGS = NO;
				SWIFT_VERSION = 5.0;
				TARGETED_DEVICE_FAMILY = "1,2";
				TEST_TARGET_NAME = eCommerce;
			};
			name = Debug;
		};
		045297A62A77BB6B0038FA70 /* Release */ = {
			isa = XCBuildConfiguration;
			buildSettings = {
				ALWAYS_EMBED_SWIFT_STANDARD_LIBRARIES = YES;
				CODE_SIGN_STYLE = Automatic;
				CURRENT_PROJECT_VERSION = 1;
				GENERATE_INFOPLIST_FILE = YES;
				MARKETING_VERSION = 1.0;
				PRODUCT_BUNDLE_IDENTIFIER = minh.eCommerceUITests;
				PRODUCT_NAME = "$(TARGET_NAME)";
				SWIFT_EMIT_LOC_STRINGS = NO;
				SWIFT_VERSION = 5.0;
				TARGETED_DEVICE_FAMILY = "1,2";
				TEST_TARGET_NAME = eCommerce;
			};
			name = Release;
		};
/* End XCBuildConfiguration section */

/* Begin XCConfigurationList section */
		045297752A77BB680038FA70 /* Build configuration list for PBXProject "eCommerce" */ = {
			isa = XCConfigurationList;
			buildConfigurations = (
				0452979C2A77BB6B0038FA70 /* Debug */,
				0452979D2A77BB6B0038FA70 /* Release */,
			);
			defaultConfigurationIsVisible = 0;
			defaultConfigurationName = Release;
		};
		0452979E2A77BB6B0038FA70 /* Build configuration list for PBXNativeTarget "eCommerce" */ = {
			isa = XCConfigurationList;
			buildConfigurations = (
				0452979F2A77BB6B0038FA70 /* Debug */,
				045297A02A77BB6B0038FA70 /* Release */,
			);
			defaultConfigurationIsVisible = 0;
			defaultConfigurationName = Release;
		};
		045297A12A77BB6B0038FA70 /* Build configuration list for PBXNativeTarget "eCommerceTests" */ = {
			isa = XCConfigurationList;
			buildConfigurations = (
				045297A22A77BB6B0038FA70 /* Debug */,
				045297A32A77BB6B0038FA70 /* Release */,
			);
			defaultConfigurationIsVisible = 0;
			defaultConfigurationName = Release;
		};
		045297A42A77BB6B0038FA70 /* Build configuration list for PBXNativeTarget "eCommerceUITests" */ = {
			isa = XCConfigurationList;
			buildConfigurations = (
				045297A52A77BB6B0038FA70 /* Debug */,
				045297A62A77BB6B0038FA70 /* Release */,
			);
			defaultConfigurationIsVisible = 0;
			defaultConfigurationName = Release;
		};
/* End XCConfigurationList section */
	};
	rootObject = 045297722A77BB680038FA70 /* Project object */;
}
